// !$*UTF8*$!
{
	archiveVersion = 1;
	classes = {
	};
	objectVersion = 55;
	objects = {

/* Begin PBXBuildFile section */
		1CD06C802815B42E00A99FE4 /* StatusesSection.swift in Sources */ = {isa = PBXBuildFile; fileRef = 1CD06C742815B42E00A99FE4 /* StatusesSection.swift */; };
		1CD06C812815B42E00A99FE4 /* UsersSection.swift in Sources */ = {isa = PBXBuildFile; fileRef = 1CD06C752815B42E00A99FE4 /* UsersSection.swift */; };
		1CD06C822815B42E00A99FE4 /* FollowersSection.swift in Sources */ = {isa = PBXBuildFile; fileRef = 1CD06C762815B42E00A99FE4 /* FollowersSection.swift */; };
		1CD06C832815B42E00A99FE4 /* FriendsSection.swift in Sources */ = {isa = PBXBuildFile; fileRef = 1CD06C772815B42E00A99FE4 /* FriendsSection.swift */; };
		1CD06C842815B42E00A99FE4 /* ListsSection.swift in Sources */ = {isa = PBXBuildFile; fileRef = 1CD06C782815B42E00A99FE4 /* ListsSection.swift */; };
		1CD06C852815B42E00A99FE4 /* FavoritesSection.swift in Sources */ = {isa = PBXBuildFile; fileRef = 1CD06C792815B42E00A99FE4 /* FavoritesSection.swift */; };
		1CD06C862815B42E00A99FE4 /* SearchSection.swift in Sources */ = {isa = PBXBuildFile; fileRef = 1CD06C7A2815B42E00A99FE4 /* SearchSection.swift */; };
		1CD06C872815B42E00A99FE4 /* CollectionsSection.swift in Sources */ = {isa = PBXBuildFile; fileRef = 1CD06C7B2815B42E00A99FE4 /* CollectionsSection.swift */; };
		1CD06C882815B42E00A99FE4 /* ApplicationSection.swift in Sources */ = {isa = PBXBuildFile; fileRef = 1CD06C7C2815B42E00A99FE4 /* ApplicationSection.swift */; };
		1CD06C892815B42E00A99FE4 /* GeoSection.swift in Sources */ = {isa = PBXBuildFile; fileRef = 1CD06C7D2815B42E00A99FE4 /* GeoSection.swift */; };
		1CD06C8A2815B42E00A99FE4 /* TrendsSection.swift in Sources */ = {isa = PBXBuildFile; fileRef = 1CD06C7E2815B42E00A99FE4 /* TrendsSection.swift */; };
		1CD06C8B2815B42E00A99FE4 /* FriendshipsSection.swift in Sources */ = {isa = PBXBuildFile; fileRef = 1CD06C7F2815B42E00A99FE4 /* FriendshipsSection.swift */; };
		1CEDEE2B2814439500C0A4CF /* Twifter_DemoApp.swift in Sources */ = {isa = PBXBuildFile; fileRef = 1CEDEE2A2814439500C0A4CF /* Twifter_DemoApp.swift */; };
		1CEDEE2D2814439500C0A4CF /* ContentView.swift in Sources */ = {isa = PBXBuildFile; fileRef = 1CEDEE2C2814439500C0A4CF /* ContentView.swift */; };
		1CEDEE2F2814439700C0A4CF /* Assets.xcassets in Resources */ = {isa = PBXBuildFile; fileRef = 1CEDEE2E2814439700C0A4CF /* Assets.xcassets */; };
		1CEDEE322814439700C0A4CF /* Preview Assets.xcassets in Resources */ = {isa = PBXBuildFile; fileRef = 1CEDEE312814439700C0A4CF /* Preview Assets.xcassets */; };
		1CEDEE482814F8AE00C0A4CF /* Twifter in Frameworks */ = {isa = PBXBuildFile; productRef = 1CEDEE472814F8AE00C0A4CF /* Twifter */; };
/* End PBXBuildFile section */

/* Begin PBXFileReference section */
		1CD06C742815B42E00A99FE4 /* StatusesSection.swift */ = {isa = PBXFileReference; fileEncoding = 4; lastKnownFileType = sourcecode.swift; path = StatusesSection.swift; sourceTree = "<group>"; };
		1CD06C752815B42E00A99FE4 /* UsersSection.swift */ = {isa = PBXFileReference; fileEncoding = 4; lastKnownFileType = sourcecode.swift; path = UsersSection.swift; sourceTree = "<group>"; };
		1CD06C762815B42E00A99FE4 /* FollowersSection.swift */ = {isa = PBXFileReference; fileEncoding = 4; lastKnownFileType = sourcecode.swift; path = FollowersSection.swift; sourceTree = "<group>"; };
		1CD06C772815B42E00A99FE4 /* FriendsSection.swift */ = {isa = PBXFileReference; fileEncoding = 4; lastKnownFileType = sourcecode.swift; path = FriendsSection.swift; sourceTree = "<group>"; };
		1CD06C782815B42E00A99FE4 /* ListsSection.swift */ = {isa = PBXFileReference; fileEncoding = 4; lastKnownFileType = sourcecode.swift; path = ListsSection.swift; sourceTree = "<group>"; };
		1CD06C792815B42E00A99FE4 /* FavoritesSection.swift */ = {isa = PBXFileReference; fileEncoding = 4; lastKnownFileType = sourcecode.swift; path = FavoritesSection.swift; sourceTree = "<group>"; };
		1CD06C7A2815B42E00A99FE4 /* SearchSection.swift */ = {isa = PBXFileReference; fileEncoding = 4; lastKnownFileType = sourcecode.swift; path = SearchSection.swift; sourceTree = "<group>"; };
		1CD06C7B2815B42E00A99FE4 /* CollectionsSection.swift */ = {isa = PBXFileReference; fileEncoding = 4; lastKnownFileType = sourcecode.swift; path = CollectionsSection.swift; sourceTree = "<group>"; };
		1CD06C7C2815B42E00A99FE4 /* ApplicationSection.swift */ = {isa = PBXFileReference; fileEncoding = 4; lastKnownFileType = sourcecode.swift; path = ApplicationSection.swift; sourceTree = "<group>"; };
		1CD06C7D2815B42E00A99FE4 /* GeoSection.swift */ = {isa = PBXFileReference; fileEncoding = 4; lastKnownFileType = sourcecode.swift; path = GeoSection.swift; sourceTree = "<group>"; };
		1CD06C7E2815B42E00A99FE4 /* TrendsSection.swift */ = {isa = PBXFileReference; fileEncoding = 4; lastKnownFileType = sourcecode.swift; path = TrendsSection.swift; sourceTree = "<group>"; };
		1CD06C7F2815B42E00A99FE4 /* FriendshipsSection.swift */ = {isa = PBXFileReference; fileEncoding = 4; lastKnownFileType = sourcecode.swift; path = FriendshipsSection.swift; sourceTree = "<group>"; };
		1CEDEE272814439500C0A4CF /* Twifter-Demo.app */ = {isa = PBXFileReference; explicitFileType = wrapper.application; includeInIndex = 0; path = "Twifter-Demo.app"; sourceTree = BUILT_PRODUCTS_DIR; };
		1CEDEE2A2814439500C0A4CF /* Twifter_DemoApp.swift */ = {isa = PBXFileReference; lastKnownFileType = sourcecode.swift; path = Twifter_DemoApp.swift; sourceTree = "<group>"; };
		1CEDEE2C2814439500C0A4CF /* ContentView.swift */ = {isa = PBXFileReference; lastKnownFileType = sourcecode.swift; path = ContentView.swift; sourceTree = "<group>"; };
		1CEDEE2E2814439700C0A4CF /* Assets.xcassets */ = {isa = PBXFileReference; lastKnownFileType = folder.assetcatalog; path = Assets.xcassets; sourceTree = "<group>"; };
		1CEDEE312814439700C0A4CF /* Preview Assets.xcassets */ = {isa = PBXFileReference; lastKnownFileType = folder.assetcatalog; path = "Preview Assets.xcassets"; sourceTree = "<group>"; };
/* End PBXFileReference section */

/* Begin PBXFrameworksBuildPhase section */
		1CEDEE242814439500C0A4CF /* Frameworks */ = {
			isa = PBXFrameworksBuildPhase;
			buildActionMask = 2147483647;
			files = (
				1CEDEE482814F8AE00C0A4CF /* Twifter in Frameworks */,
			);
			runOnlyForDeploymentPostprocessing = 0;
		};
/* End PBXFrameworksBuildPhase section */

/* Begin PBXGroup section */
		1CD06C732815B41500A99FE4 /* Section */ = {
			isa = PBXGroup;
			children = (
				1CD06C7C2815B42E00A99FE4 /* ApplicationSection.swift */,
				1CD06C7B2815B42E00A99FE4 /* CollectionsSection.swift */,
				1CD06C792815B42E00A99FE4 /* FavoritesSection.swift */,
				1CD06C762815B42E00A99FE4 /* FollowersSection.swift */,
				1CD06C7F2815B42E00A99FE4 /* FriendshipsSection.swift */,
				1CD06C772815B42E00A99FE4 /* FriendsSection.swift */,
				1CD06C7D2815B42E00A99FE4 /* GeoSection.swift */,
				1CD06C782815B42E00A99FE4 /* ListsSection.swift */,
				1CD06C7A2815B42E00A99FE4 /* SearchSection.swift */,
				1CD06C742815B42E00A99FE4 /* StatusesSection.swift */,
				1CD06C7E2815B42E00A99FE4 /* TrendsSection.swift */,
				1CD06C752815B42E00A99FE4 /* UsersSection.swift */,
			);
			path = Section;
			sourceTree = "<group>";
		};
		1CEDEE1E2814439500C0A4CF = {
			isa = PBXGroup;
			children = (
				1CEDEE292814439500C0A4CF /* Twifter-Demo */,
				1CEDEE282814439500C0A4CF /* Products */,
			);
			sourceTree = "<group>";
		};
		1CEDEE282814439500C0A4CF /* Products */ = {
			isa = PBXGroup;
			children = (
				1CEDEE272814439500C0A4CF /* Twifter-Demo.app */,
			);
			name = Products;
			sourceTree = "<group>";
		};
		1CEDEE292814439500C0A4CF /* Twifter-Demo */ = {
			isa = PBXGroup;
			children = (
				1CEDEE2A2814439500C0A4CF /* Twifter_DemoApp.swift */,
				1CEDEE2C2814439500C0A4CF /* ContentView.swift */,
				1CD06C732815B41500A99FE4 /* Section */,
				1CEDEE2E2814439700C0A4CF /* Assets.xcassets */,
				1CEDEE302814439700C0A4CF /* Preview Content */,
			);
			path = "Twifter-Demo";
			sourceTree = "<group>";
		};
		1CEDEE302814439700C0A4CF /* Preview Content */ = {
			isa = PBXGroup;
			children = (
				1CEDEE312814439700C0A4CF /* Preview Assets.xcassets */,
			);
			path = "Preview Content";
			sourceTree = "<group>";
		};
/* End PBXGroup section */

/* Begin PBXNativeTarget section */
		1CEDEE262814439500C0A4CF /* Twifter-Demo */ = {
			isa = PBXNativeTarget;
			buildConfigurationList = 1CEDEE352814439700C0A4CF /* Build configuration list for PBXNativeTarget "Twifter-Demo" */;
			buildPhases = (
				1CEDEE232814439500C0A4CF /* Sources */,
				1CEDEE242814439500C0A4CF /* Frameworks */,
				1CEDEE252814439500C0A4CF /* Resources */,
			);
			buildRules = (
			);
			dependencies = (
			);
			name = "Twifter-Demo";
			packageProductDependencies = (
				1CEDEE472814F8AE00C0A4CF /* Twifter */,
			);
			productName = "Twifter-Demo";
			productReference = 1CEDEE272814439500C0A4CF /* Twifter-Demo.app */;
			productType = "com.apple.product-type.application";
		};
/* End PBXNativeTarget section */

/* Begin PBXProject section */
		1CEDEE1F2814439500C0A4CF /* Project object */ = {
			isa = PBXProject;
			attributes = {
				BuildIndependentTargetsInParallel = 1;
				LastSwiftUpdateCheck = 1330;
				LastUpgradeCheck = 1330;
				TargetAttributes = {
					1CEDEE262814439500C0A4CF = {
						CreatedOnToolsVersion = 13.3;
					};
				};
			};
			buildConfigurationList = 1CEDEE222814439500C0A4CF /* Build configuration list for PBXProject "Twifter-Demo" */;
			compatibilityVersion = "Xcode 13.0";
			developmentRegion = en;
			hasScannedForEncodings = 0;
			knownRegions = (
				en,
				Base,
			);
			mainGroup = 1CEDEE1E2814439500C0A4CF;
			packageReferences = (
				1CEDEE462814F8AE00C0A4CF /* XCRemoteSwiftPackageReference "Twifter" */,
			);
			productRefGroup = 1CEDEE282814439500C0A4CF /* Products */;
			projectDirPath = "";
			projectRoot = "";
			targets = (
				1CEDEE262814439500C0A4CF /* Twifter-Demo */,
			);
		};
/* End PBXProject section */

/* Begin PBXResourcesBuildPhase section */
		1CEDEE252814439500C0A4CF /* Resources */ = {
			isa = PBXResourcesBuildPhase;
			buildActionMask = 2147483647;
			files = (
				1CEDEE322814439700C0A4CF /* Preview Assets.xcassets in Resources */,
				1CEDEE2F2814439700C0A4CF /* Assets.xcassets in Resources */,
			);
			runOnlyForDeploymentPostprocessing = 0;
		};
/* End PBXResourcesBuildPhase section */

/* Begin PBXSourcesBuildPhase section */
		1CEDEE232814439500C0A4CF /* Sources */ = {
			isa = PBXSourcesBuildPhase;
			buildActionMask = 2147483647;
			files = (
				1CD06C812815B42E00A99FE4 /* UsersSection.swift in Sources */,
				1CD06C852815B42E00A99FE4 /* FavoritesSection.swift in Sources */,
				1CD06C842815B42E00A99FE4 /* ListsSection.swift in Sources */,
				1CD06C892815B42E00A99FE4 /* GeoSection.swift in Sources */,
				1CD06C802815B42E00A99FE4 /* StatusesSection.swift in Sources */,
				1CEDEE2D2814439500C0A4CF /* ContentView.swift in Sources */,
				1CD06C882815B42E00A99FE4 /* ApplicationSection.swift in Sources */,
				1CD06C862815B42E00A99FE4 /* SearchSection.swift in Sources */,
				1CD06C8A2815B42E00A99FE4 /* TrendsSection.swift in Sources */,
				1CD06C8B2815B42E00A99FE4 /* FriendshipsSection.swift in Sources */,
				1CD06C832815B42E00A99FE4 /* FriendsSection.swift in Sources */,
				1CD06C822815B42E00A99FE4 /* FollowersSection.swift in Sources */,
				1CEDEE2B2814439500C0A4CF /* Twifter_DemoApp.swift in Sources */,
				1CD06C872815B42E00A99FE4 /* CollectionsSection.swift in Sources */,
			);
			runOnlyForDeploymentPostprocessing = 0;
		};
/* End PBXSourcesBuildPhase section */

/* Begin XCBuildConfiguration section */
		1CEDEE332814439700C0A4CF /* Debug */ = {
			isa = XCBuildConfiguration;
			buildSettings = {
				ALWAYS_SEARCH_USER_PATHS = NO;
				CLANG_ANALYZER_NONNULL = YES;
				CLANG_ANALYZER_NUMBER_OBJECT_CONVERSION = YES_AGGRESSIVE;
				CLANG_CXX_LANGUAGE_STANDARD = "gnu++17";
				CLANG_ENABLE_MODULES = YES;
				CLANG_ENABLE_OBJC_ARC = YES;
				CLANG_ENABLE_OBJC_WEAK = YES;
				CLANG_WARN_BLOCK_CAPTURE_AUTORELEASING = YES;
				CLANG_WARN_BOOL_CONVERSION = YES;
				CLANG_WARN_COMMA = YES;
				CLANG_WARN_CONSTANT_CONVERSION = YES;
				CLANG_WARN_DEPRECATED_OBJC_IMPLEMENTATIONS = YES;
				CLANG_WARN_DIRECT_OBJC_ISA_USAGE = YES_ERROR;
				CLANG_WARN_DOCUMENTATION_COMMENTS = YES;
				CLANG_WARN_EMPTY_BODY = YES;
				CLANG_WARN_ENUM_CONVERSION = YES;
				CLANG_WARN_INFINITE_RECURSION = YES;
				CLANG_WARN_INT_CONVERSION = YES;
				CLANG_WARN_NON_LITERAL_NULL_CONVERSION = YES;
				CLANG_WARN_OBJC_IMPLICIT_RETAIN_SELF = YES;
				CLANG_WARN_OBJC_LITERAL_CONVERSION = YES;
				CLANG_WARN_OBJC_ROOT_CLASS = YES_ERROR;
				CLANG_WARN_QUOTED_INCLUDE_IN_FRAMEWORK_HEADER = YES;
				CLANG_WARN_RANGE_LOOP_ANALYSIS = YES;
				CLANG_WARN_STRICT_PROTOTYPES = YES;
				CLANG_WARN_SUSPICIOUS_MOVE = YES;
				CLANG_WARN_UNGUARDED_AVAILABILITY = YES_AGGRESSIVE;
				CLANG_WARN_UNREACHABLE_CODE = YES;
				CLANG_WARN__DUPLICATE_METHOD_MATCH = YES;
				COPY_PHASE_STRIP = NO;
				DEBUG_INFORMATION_FORMAT = dwarf;
				ENABLE_STRICT_OBJC_MSGSEND = YES;
				ENABLE_TESTABILITY = YES;
				GCC_C_LANGUAGE_STANDARD = gnu11;
				GCC_DYNAMIC_NO_PIC = NO;
				GCC_NO_COMMON_BLOCKS = YES;
				GCC_OPTIMIZATION_LEVEL = 0;
				GCC_PREPROCESSOR_DEFINITIONS = (
					"DEBUG=1",
					"$(inherited)",
				);
				GCC_WARN_64_TO_32_BIT_CONVERSION = YES;
				GCC_WARN_ABOUT_RETURN_TYPE = YES_ERROR;
				GCC_WARN_UNDECLARED_SELECTOR = YES;
				GCC_WARN_UNINITIALIZED_AUTOS = YES_AGGRESSIVE;
				GCC_WARN_UNUSED_FUNCTION = YES;
				GCC_WARN_UNUSED_VARIABLE = YES;
				IPHONEOS_DEPLOYMENT_TARGET = 15.4;
				MTL_ENABLE_DEBUG_INFO = INCLUDE_SOURCE;
				MTL_FAST_MATH = YES;
				ONLY_ACTIVE_ARCH = YES;
				SDKROOT = iphoneos;
				SWIFT_ACTIVE_COMPILATION_CONDITIONS = DEBUG;
				SWIFT_OPTIMIZATION_LEVEL = "-Onone";
			};
			name = Debug;
		};
		1CEDEE342814439700C0A4CF /* Release */ = {
			isa = XCBuildConfiguration;
			buildSettings = {
				ALWAYS_SEARCH_USER_PATHS = NO;
				CLANG_ANALYZER_NONNULL = YES;
				CLANG_ANALYZER_NUMBER_OBJECT_CONVERSION = YES_AGGRESSIVE;
				CLANG_CXX_LANGUAGE_STANDARD = "gnu++17";
				CLANG_ENABLE_MODULES = YES;
				CLANG_ENABLE_OBJC_ARC = YES;
				CLANG_ENABLE_OBJC_WEAK = YES;
				CLANG_WARN_BLOCK_CAPTURE_AUTORELEASING = YES;
				CLANG_WARN_BOOL_CONVERSION = YES;
				CLANG_WARN_COMMA = YES;
				CLANG_WARN_CONSTANT_CONVERSION = YES;
				CLANG_WARN_DEPRECATED_OBJC_IMPLEMENTATIONS = YES;
				CLANG_WARN_DIRECT_OBJC_ISA_USAGE = YES_ERROR;
				CLANG_WARN_DOCUMENTATION_COMMENTS = YES;
				CLANG_WARN_EMPTY_BODY = YES;
				CLANG_WARN_ENUM_CONVERSION = YES;
				CLANG_WARN_INFINITE_RECURSION = YES;
				CLANG_WARN_INT_CONVERSION = YES;
				CLANG_WARN_NON_LITERAL_NULL_CONVERSION = YES;
				CLANG_WARN_OBJC_IMPLICIT_RETAIN_SELF = YES;
				CLANG_WARN_OBJC_LITERAL_CONVERSION = YES;
				CLANG_WARN_OBJC_ROOT_CLASS = YES_ERROR;
				CLANG_WARN_QUOTED_INCLUDE_IN_FRAMEWORK_HEADER = YES;
				CLANG_WARN_RANGE_LOOP_ANALYSIS = YES;
				CLANG_WARN_STRICT_PROTOTYPES = YES;
				CLANG_WARN_SUSPICIOUS_MOVE = YES;
				CLANG_WARN_UNGUARDED_AVAILABILITY = YES_AGGRESSIVE;
				CLANG_WARN_UNREACHABLE_CODE = YES;
				CLANG_WARN__DUPLICATE_METHOD_MATCH = YES;
				COPY_PHASE_STRIP = NO;
				DEBUG_INFORMATION_FORMAT = "dwarf-with-dsym";
				ENABLE_NS_ASSERTIONS = NO;
				ENABLE_STRICT_OBJC_MSGSEND = YES;
				GCC_C_LANGUAGE_STANDARD = gnu11;
				GCC_NO_COMMON_BLOCKS = YES;
				GCC_WARN_64_TO_32_BIT_CONVERSION = YES;
				GCC_WARN_ABOUT_RETURN_TYPE = YES_ERROR;
				GCC_WARN_UNDECLARED_SELECTOR = YES;
				GCC_WARN_UNINITIALIZED_AUTOS = YES_AGGRESSIVE;
				GCC_WARN_UNUSED_FUNCTION = YES;
				GCC_WARN_UNUSED_VARIABLE = YES;
				IPHONEOS_DEPLOYMENT_TARGET = 15.4;
				MTL_ENABLE_DEBUG_INFO = NO;
				MTL_FAST_MATH = YES;
				SDKROOT = iphoneos;
				SWIFT_COMPILATION_MODE = wholemodule;
				SWIFT_OPTIMIZATION_LEVEL = "-O";
				VALIDATE_PRODUCT = YES;
			};
			name = Release;
		};
		1CEDEE362814439700C0A4CF /* Debug */ = {
			isa = XCBuildConfiguration;
			buildSettings = {
				ASSETCATALOG_COMPILER_APPICON_NAME = AppIcon;
				ASSETCATALOG_COMPILER_GLOBAL_ACCENT_COLOR_NAME = AccentColor;
				CODE_SIGN_STYLE = Automatic;
				CURRENT_PROJECT_VERSION = 1;
				DEVELOPMENT_ASSET_PATHS = "\"Twifter-Demo/Preview Content\"";
				DEVELOPMENT_TEAM = 69BMRJXU5B;
				ENABLE_PREVIEWS = YES;
				GENERATE_INFOPLIST_FILE = YES;
				INFOPLIST_KEY_UIApplicationSceneManifest_Generation = YES;
				INFOPLIST_KEY_UIApplicationSupportsIndirectInputEvents = YES;
				INFOPLIST_KEY_UILaunchScreen_Generation = YES;
				INFOPLIST_KEY_UISupportedInterfaceOrientations_iPad = "UIInterfaceOrientationPortrait UIInterfaceOrientationPortraitUpsideDown UIInterfaceOrientationLandscapeLeft UIInterfaceOrientationLandscapeRight";
				INFOPLIST_KEY_UISupportedInterfaceOrientations_iPhone = "UIInterfaceOrientationPortrait UIInterfaceOrientationLandscapeLeft UIInterfaceOrientationLandscapeRight";
				IPHONEOS_DEPLOYMENT_TARGET = 15.0;
				LD_RUNPATH_SEARCH_PATHS = (
					"$(inherited)",
					"@executable_path/Frameworks",
				);
				MARKETING_VERSION = 1.0;
				PRODUCT_BUNDLE_IDENTIFIER = "com.Twifter-Demo";
				PRODUCT_NAME = "$(TARGET_NAME)";
				SWIFT_EMIT_LOC_STRINGS = YES;
				SWIFT_VERSION = 5.0;
				TARGETED_DEVICE_FAMILY = "1,2";
			};
			name = Debug;
		};
		1CEDEE372814439700C0A4CF /* Release */ = {
			isa = XCBuildConfiguration;
			buildSettings = {
				ASSETCATALOG_COMPILER_APPICON_NAME = AppIcon;
				ASSETCATALOG_COMPILER_GLOBAL_ACCENT_COLOR_NAME = AccentColor;
				CODE_SIGN_STYLE = Automatic;
				CURRENT_PROJECT_VERSION = 1;
				DEVELOPMENT_ASSET_PATHS = "\"Twifter-Demo/Preview Content\"";
				DEVELOPMENT_TEAM = 69BMRJXU5B;
				ENABLE_PREVIEWS = YES;
				GENERATE_INFOPLIST_FILE = YES;
				INFOPLIST_KEY_UIApplicationSceneManifest_Generation = YES;
				INFOPLIST_KEY_UIApplicationSupportsIndirectInputEvents = YES;
				INFOPLIST_KEY_UILaunchScreen_Generation = YES;
				INFOPLIST_KEY_UISupportedInterfaceOrientations_iPad = "UIInterfaceOrientationPortrait UIInterfaceOrientationPortraitUpsideDown UIInterfaceOrientationLandscapeLeft UIInterfaceOrientationLandscapeRight";
				INFOPLIST_KEY_UISupportedInterfaceOrientations_iPhone = "UIInterfaceOrientationPortrait UIInterfaceOrientationLandscapeLeft UIInterfaceOrientationLandscapeRight";
				IPHONEOS_DEPLOYMENT_TARGET = 15.0;
				LD_RUNPATH_SEARCH_PATHS = (
					"$(inherited)",
					"@executable_path/Frameworks",
				);
				MARKETING_VERSION = 1.0;
				PRODUCT_BUNDLE_IDENTIFIER = "com.Twifter-Demo";
				PRODUCT_NAME = "$(TARGET_NAME)";
				SWIFT_EMIT_LOC_STRINGS = YES;
				SWIFT_VERSION = 5.0;
				TARGETED_DEVICE_FAMILY = "1,2";
			};
			name = Release;
		};
/* End XCBuildConfiguration section */

/* Begin XCConfigurationList section */
		1CEDEE222814439500C0A4CF /* Build configuration list for PBXProject "Twifter-Demo" */ = {
			isa = XCConfigurationList;
			buildConfigurations = (
				1CEDEE332814439700C0A4CF /* Debug */,
				1CEDEE342814439700C0A4CF /* Release */,
			);
			defaultConfigurationIsVisible = 0;
			defaultConfigurationName = Release;
		};
		1CEDEE352814439700C0A4CF /* Build configuration list for PBXNativeTarget "Twifter-Demo" */ = {
			isa = XCConfigurationList;
			buildConfigurations = (
				1CEDEE362814439700C0A4CF /* Debug */,
				1CEDEE372814439700C0A4CF /* Release */,
			);
			defaultConfigurationIsVisible = 0;
			defaultConfigurationName = Release;
		};
/* End XCConfigurationList section */

/* Begin XCRemoteSwiftPackageReference section */
		1CEDEE462814F8AE00C0A4CF /* XCRemoteSwiftPackageReference "Twifter" */ = {
			isa = XCRemoteSwiftPackageReference;
			repositoryURL = "https://github.com/SNQ-2001/Twifter";
			requirement = {
				branch = main;
				kind = branch;
			};
		};
/* End XCRemoteSwiftPackageReference section */

/* Begin XCSwiftPackageProductDependency section */
		1CEDEE472814F8AE00C0A4CF /* Twifter */ = {
			isa = XCSwiftPackageProductDependency;
			package = 1CEDEE462814F8AE00C0A4CF /* XCRemoteSwiftPackageReference "Twifter" */;
			productName = Twifter;
		};
/* End XCSwiftPackageProductDependency section */
	};
	rootObject = 1CEDEE1F2814439500C0A4CF /* Project object */;
}
